
Microsoft Visual Studio Solution File, Format Version 12.00
# Visual Studio Version 17
VisualStudioVersion = 17.7.34221.43
MinimumVisualStudioVersion = 10.0.40219.1
Project("{FAE04EC0-301F-11D3-BF4B-00C04F79EFBC}") = "yogaForm", "yogaForm\yogaForm.csproj", "{9FFA36E7-01BB-46AA-BF53-B9032BF8FBD5}"
EndProject
Global
	GlobalSection(SolutionConfigurationPlatforms) = preSolution
		Debug|Any CPU = Debug|Any CPU
		Release|Any CPU = Release|Any CPU
	EndGlobalSection
	GlobalSection(ProjectConfigurationPlatforms) = postSolution
		{9FFA36E7-01BB-46AA-BF53-B9032BF8FBD5}.Debug|Any CPU.ActiveCfg = Debug|Any CPU
		{9FFA36E7-01BB-46AA-BF53-B9032BF8FBD5}.Debug|Any CPU.Build.0 = Debug|Any CPU
		{9FFA36E7-01BB-46AA-BF53-B9032BF8FBD5}.Release|Any CPU.ActiveCfg = Release|Any CPU
		{9FFA36E7-01BB-46AA-BF53-B9032BF8FBD5}.Release|Any CPU.Build.0 = Release|Any CPU
	EndGlobalSection
	GlobalSection(SolutionProperties) = preSolution
		HideSolutionNode = FALSE
	EndGlobalSection
	GlobalSection(ExtensibilityGlobals) = postSolution
		SolutionGuid = {9DC1F385-2AD2-4AF4-B5E8-D0A9EEF62EF5}
	EndGlobalSection
EndGlobal
